
Microsoft Visual Studio Solution File, Format Version 11.00
# Visual Studio 2010
Project("{F2A71F9B-5D33-465A-A702-920D77279786}") = "HappyNumbers", "HappyNumbers\HappyNumbers.fsproj", "{EDBC09FA-F29D-46DD-B260-EA59ADC39D15}"
EndProject
Project("{F2A71F9B-5D33-465A-A702-920D77279786}") = "HappyNumbers.Tests", "HappyNumbers.Tests\HappyNumbers.Tests.fsproj", "{0E3F449F-1E6B-4C7D-80D7-9B17E18ACCF9}"
EndProject
Project("{2150E333-8FDC-42A3-9474-1A3956D46DE8}") = ".nuget", ".nuget", "{E36936B4-65B0-48B0-881F-B21A92C32421}"
	ProjectSection(SolutionItems) = preProject
		.nuget\NuGet.Config = .nuget\NuGet.Config
		.nuget\NuGet.targets = .nuget\NuGet.targets
	EndProjectSection
EndProject
Project("{F2A71F9B-5D33-465A-A702-920D77279786}") = "HappyNumbers.XTests", "HappyNumbers.XTests\HappyNumbers.XTests.fsproj", "{011C6298-220B-4B38-A62D-59FB78287206}"
EndProject
Global
	GlobalSection(SolutionConfigurationPlatforms) = preSolution
		Debug|Any CPU = Debug|Any CPU
		Debug|Mixed Platforms = Debug|Mixed Platforms
		Debug|x64 = Debug|x64
		Debug|x86 = Debug|x86
		Release|Any CPU = Release|Any CPU
		Release|Mixed Platforms = Release|Mixed Platforms
		Release|x64 = Release|x64
		Release|x86 = Release|x86
	EndGlobalSection
	GlobalSection(ProjectConfigurationPlatforms) = postSolution
		{EDBC09FA-F29D-46DD-B260-EA59ADC39D15}.Debug|Any CPU.ActiveCfg = Debug|Any CPU
		{EDBC09FA-F29D-46DD-B260-EA59ADC39D15}.Debug|Any CPU.Build.0 = Debug|Any CPU
		{EDBC09FA-F29D-46DD-B260-EA59ADC39D15}.Debug|Mixed Platforms.ActiveCfg = Debug|Any CPU
		{EDBC09FA-F29D-46DD-B260-EA59ADC39D15}.Debug|Mixed Platforms.Build.0 = Debug|Any CPU
		{EDBC09FA-F29D-46DD-B260-EA59ADC39D15}.Debug|x64.ActiveCfg = Debug|x64
		{EDBC09FA-F29D-46DD-B260-EA59ADC39D15}.Debug|x64.Build.0 = Debug|x64
		{EDBC09FA-F29D-46DD-B260-EA59ADC39D15}.Debug|x86.ActiveCfg = Debug|x86
		{EDBC09FA-F29D-46DD-B260-EA59ADC39D15}.Debug|x86.Build.0 = Debug|x86
		{EDBC09FA-F29D-46DD-B260-EA59ADC39D15}.Release|Any CPU.ActiveCfg = Release|x86
		{EDBC09FA-F29D-46DD-B260-EA59ADC39D15}.Release|Mixed Platforms.ActiveCfg = Release|x86
		{EDBC09FA-F29D-46DD-B260-EA59ADC39D15}.Release|Mixed Platforms.Build.0 = Release|x86
		{EDBC09FA-F29D-46DD-B260-EA59ADC39D15}.Release|x64.ActiveCfg = Release|x64
		{EDBC09FA-F29D-46DD-B260-EA59ADC39D15}.Release|x86.ActiveCfg = Release|x86
		{EDBC09FA-F29D-46DD-B260-EA59ADC39D15}.Release|x86.Build.0 = Release|x86
		{0E3F449F-1E6B-4C7D-80D7-9B17E18ACCF9}.Debug|Any CPU.ActiveCfg = Debug|Any CPU
		{0E3F449F-1E6B-4C7D-80D7-9B17E18ACCF9}.Debug|Any CPU.Build.0 = Debug|Any CPU
		{0E3F449F-1E6B-4C7D-80D7-9B17E18ACCF9}.Debug|Mixed Platforms.ActiveCfg = Debug|x64
		{0E3F449F-1E6B-4C7D-80D7-9B17E18ACCF9}.Debug|Mixed Platforms.Build.0 = Debug|x64
		{0E3F449F-1E6B-4C7D-80D7-9B17E18ACCF9}.Debug|x64.ActiveCfg = Debug|x64
		{0E3F449F-1E6B-4C7D-80D7-9B17E18ACCF9}.Debug|x64.Build.0 = Debug|x64
		{0E3F449F-1E6B-4C7D-80D7-9B17E18ACCF9}.Debug|x86.ActiveCfg = Debug|x86
		{0E3F449F-1E6B-4C7D-80D7-9B17E18ACCF9}.Debug|x86.Build.0 = Debug|x86
		{0E3F449F-1E6B-4C7D-80D7-9B17E18ACCF9}.Release|Any CPU.ActiveCfg = Release|Any CPU
		{0E3F449F-1E6B-4C7D-80D7-9B17E18ACCF9}.Release|Any CPU.Build.0 = Release|Any CPU
		{0E3F449F-1E6B-4C7D-80D7-9B17E18ACCF9}.Release|Mixed Platforms.ActiveCfg = Release|x64
		{0E3F449F-1E6B-4C7D-80D7-9B17E18ACCF9}.Release|Mixed Platforms.Build.0 = Release|x64
		{0E3F449F-1E6B-4C7D-80D7-9B17E18ACCF9}.Release|x64.ActiveCfg = Release|x64
		{0E3F449F-1E6B-4C7D-80D7-9B17E18ACCF9}.Release|x64.Build.0 = Release|x64
		{0E3F449F-1E6B-4C7D-80D7-9B17E18ACCF9}.Release|x86.ActiveCfg = Release|x86
		{0E3F449F-1E6B-4C7D-80D7-9B17E18ACCF9}.Release|x86.Build.0 = Release|x86
		{011C6298-220B-4B38-A62D-59FB78287206}.Debug|Any CPU.ActiveCfg = Debug|Any CPU
		{011C6298-220B-4B38-A62D-59FB78287206}.Debug|Any CPU.Build.0 = Debug|Any CPU
		{011C6298-220B-4B38-A62D-59FB78287206}.Debug|Mixed Platforms.ActiveCfg = Debug|Any CPU
		{011C6298-220B-4B38-A62D-59FB78287206}.Debug|Mixed Platforms.Build.0 = Debug|Any CPU
		{011C6298-220B-4B38-A62D-59FB78287206}.Debug|x64.ActiveCfg = Debug|Any CPU
		{011C6298-220B-4B38-A62D-59FB78287206}.Debug|x86.ActiveCfg = Debug|x86
		{011C6298-220B-4B38-A62D-59FB78287206}.Debug|x86.Build.0 = Debug|x86
		{011C6298-220B-4B38-A62D-59FB78287206}.Release|Any CPU.ActiveCfg = Release|Any CPU
		{011C6298-220B-4B38-A62D-59FB78287206}.Release|Any CPU.Build.0 = Release|Any CPU
		{011C6298-220B-4B38-A62D-59FB78287206}.Release|Mixed Platforms.ActiveCfg = Release|Any CPU
		{011C6298-220B-4B38-A62D-59FB78287206}.Release|Mixed Platforms.Build.0 = Release|Any CPU
		{011C6298-220B-4B38-A62D-59FB78287206}.Release|x64.ActiveCfg = Release|Any CPU
		{011C6298-220B-4B38-A62D-59FB78287206}.Release|x86.ActiveCfg = Release|Any CPU
	EndGlobalSection
	GlobalSection(SolutionProperties) = preSolution
		HideSolutionNode = FALSE
	EndGlobalSection
EndGlobal
